# appenv-requirements-hash: c3910787f9454456670405d816954ab6cde3b6a7dcd37bfe1f054cea0e9f2f42
-e ../../
ConfigUpdater==3.2
Jinja2==3.1.6
MarkupSafe==3.0.3
PyYAML==6.0.3
Pygments==2.19.2
annotated-doc==0.0.4
annotated-types==0.7.0
certifi==2026.1.4
charset-normalizer==3.4.4
click==8.3.1
execnet==2.1.2
idna==3.11
importlib_metadata==8.7.1
importlib_resources==6.5.2
markdown-it-py==4.0.0
mdurl==0.1.2
py==1.11.0
pydantic-settings==2.12.0
pydantic==2.12.5
pydantic_core==2.41.5
python-dotenv==1.2.1
remote-pdb==2.1.0
requests==2.32.5
rich==14.3.2
setuptools==79.0.1
shellingham==1.5.4
typer==0.23.1
typing-inspection==0.4.2
typing_extensions==4.15.0
urllib3==2.6.3
zipp==3.23.0
