# appenv-requirements-hash: 92e251bc834f921c996b9af42180afdf00414e12ee57291b199a6127ff5e6897
-e ../../
annotated-types==0.7.0
certifi==2024.7.4
charset-normalizer==3.3.2
click==8.1.7
ConfigUpdater==3.2
execnet==2.0.2
idna==3.7
importlib-metadata==6.7.0
importlib-resources==5.12.0
Jinja2==3.1.4
markdown-it-py==3.0.0
MarkupSafe==2.1.5
mdurl==0.1.2
py==1.11.0
pydantic-core==2.41.5
pydantic-settings==2.12.0
pydantic==2.12.5
Pygments==2.18.0
python-dotenv==1.2.1
PyYAML==6.0.1
remote-pdb==2.1.0
requests==2.31.0
rich==13.9.4
setuptools==68.0.0
shellingham==1.5.4
typer==0.15.2
typing_extensions==4.15.0
typing-inspection==0.4.2
urllib3==2.0.7
zipp==3.15.0
